
Microsoft Visual Studio Solution File, Format Version 12.00
# Visual Studio 15
VisualStudioVersion = 15.0.28010.0
MinimumVisualStudioVersion = 10.0.40219.1
Project("{FAE04EC0-301F-11D3-BF4B-00C04F79EFBC}") = "Fibonacci", "Fibonacci\Fibonacci.csproj", "{09F9E1B5-48A3-4626-B889-95BA24D23B90}"
EndProject
Project("{FAE04EC0-301F-11D3-BF4B-00C04F79EFBC}") = "Palindrome", "Palindrome\Palindrome.csproj", "{4CA79523-D961-40DF-8034-35399DFBFB11}"
EndProject
Project("{FAE04EC0-301F-11D3-BF4B-00C04F79EFBC}") = "TowersOfHanoi", "TowersOfHanoi\TowersOfHanoi.csproj", "{5B2EF3F1-CE38-4A26-9489-3328BDA67EE5}"
EndProject
Global
	GlobalSection(SolutionConfigurationPlatforms) = preSolution
		Debug|Any CPU = Debug|Any CPU
		Release|Any CPU = Release|Any CPU
	EndGlobalSection
	GlobalSection(ProjectConfigurationPlatforms) = postSolution
		{09F9E1B5-48A3-4626-B889-95BA24D23B90}.Debug|Any CPU.ActiveCfg = Debug|Any CPU
		{09F9E1B5-48A3-4626-B889-95BA24D23B90}.Debug|Any CPU.Build.0 = Debug|Any CPU
		{09F9E1B5-48A3-4626-B889-95BA24D23B90}.Release|Any CPU.ActiveCfg = Release|Any CPU
		{09F9E1B5-48A3-4626-B889-95BA24D23B90}.Release|Any CPU.Build.0 = Release|Any CPU
		{4CA79523-D961-40DF-8034-35399DFBFB11}.Debug|Any CPU.ActiveCfg = Debug|Any CPU
		{4CA79523-D961-40DF-8034-35399DFBFB11}.Debug|Any CPU.Build.0 = Debug|Any CPU
		{4CA79523-D961-40DF-8034-35399DFBFB11}.Release|Any CPU.ActiveCfg = Release|Any CPU
		{4CA79523-D961-40DF-8034-35399DFBFB11}.Release|Any CPU.Build.0 = Release|Any CPU
		{5B2EF3F1-CE38-4A26-9489-3328BDA67EE5}.Debug|Any CPU.ActiveCfg = Debug|Any CPU
		{5B2EF3F1-CE38-4A26-9489-3328BDA67EE5}.Debug|Any CPU.Build.0 = Debug|Any CPU
		{5B2EF3F1-CE38-4A26-9489-3328BDA67EE5}.Release|Any CPU.ActiveCfg = Release|Any CPU
		{5B2EF3F1-CE38-4A26-9489-3328BDA67EE5}.Release|Any CPU.Build.0 = Release|Any CPU
	EndGlobalSection
	GlobalSection(SolutionProperties) = preSolution
		HideSolutionNode = FALSE
	EndGlobalSection
	GlobalSection(ExtensibilityGlobals) = postSolution
		SolutionGuid = {E43E3BB0-1B10-45FE-A90D-F9EF3FAE57C3}
	EndGlobalSection
EndGlobal
